
Microsoft Visual Studio Solution File, Format Version 12.00
# Visual Studio Version 16
VisualStudioVersion = 16.0.29215.179
MinimumVisualStudioVersion = 10.0.40219.1
Project("{FAE04EC0-301F-11D3-BF4B-00C04F79EFBC}") = "GeradorChaveDeAcesso", "GeradorChaveDeAcesso.csproj", "{7144689B-D408-4B81-BCB1-55EA2FD4B20F}"
EndProject
Global
	GlobalSection(SolutionConfigurationPlatforms) = preSolution
		Debug|Any CPU = Debug|Any CPU
		Release|Any CPU = Release|Any CPU
	EndGlobalSection
	GlobalSection(ProjectConfigurationPlatforms) = postSolution
		{7144689B-D408-4B81-BCB1-55EA2FD4B20F}.Debug|Any CPU.ActiveCfg = Debug|Any CPU
		{7144689B-D408-4B81-BCB1-55EA2FD4B20F}.Debug|Any CPU.Build.0 = Debug|Any CPU
		{7144689B-D408-4B81-BCB1-55EA2FD4B20F}.Release|Any CPU.ActiveCfg = Release|Any CPU
		{7144689B-D408-4B81-BCB1-55EA2FD4B20F}.Release|Any CPU.Build.0 = Release|Any CPU
	EndGlobalSection
	GlobalSection(SolutionProperties) = preSolution
		HideSolutionNode = FALSE
	EndGlobalSection
	GlobalSection(ExtensibilityGlobals) = postSolution
		SolutionGuid = {C34F638F-409E-4300-9000-FD959E9F89DF}
	EndGlobalSection
EndGlobal
